
Microsoft Visual Studio Solution File, Format Version 12.00
# Visual Studio 15
VisualStudioVersion = 15.0.28307.489
MinimumVisualStudioVersion = 10.0.40219.1
Project("{FAE04EC0-301F-11D3-BF4B-00C04F79EFBC}") = "ConsoleGame19", "ConsoleGame19\ConsoleGame19.csproj", "{E47156CB-AECD-46CA-A5E6-E21B2DDDF309}"
EndProject
Project("{FAE04EC0-301F-11D3-BF4B-00C04F79EFBC}") = "testinput", "testinput\testinput.csproj", "{C762CCA1-6B15-454C-84B7-6DF0AA41DF6D}"
EndProject
Global
	GlobalSection(SolutionConfigurationPlatforms) = preSolution
		Debug|Any CPU = Debug|Any CPU
		Release|Any CPU = Release|Any CPU
	EndGlobalSection
	GlobalSection(ProjectConfigurationPlatforms) = postSolution
		{E47156CB-AECD-46CA-A5E6-E21B2DDDF309}.Debug|Any CPU.ActiveCfg = Debug|Any CPU
		{E47156CB-AECD-46CA-A5E6-E21B2DDDF309}.Debug|Any CPU.Build.0 = Debug|Any CPU
		{E47156CB-AECD-46CA-A5E6-E21B2DDDF309}.Release|Any CPU.ActiveCfg = Release|Any CPU
		{E47156CB-AECD-46CA-A5E6-E21B2DDDF309}.Release|Any CPU.Build.0 = Release|Any CPU
		{C762CCA1-6B15-454C-84B7-6DF0AA41DF6D}.Debug|Any CPU.ActiveCfg = Debug|Any CPU
		{C762CCA1-6B15-454C-84B7-6DF0AA41DF6D}.Debug|Any CPU.Build.0 = Debug|Any CPU
		{C762CCA1-6B15-454C-84B7-6DF0AA41DF6D}.Release|Any CPU.ActiveCfg = Release|Any CPU
		{C762CCA1-6B15-454C-84B7-6DF0AA41DF6D}.Release|Any CPU.Build.0 = Release|Any CPU
	EndGlobalSection
	GlobalSection(SolutionProperties) = preSolution
		HideSolutionNode = FALSE
	EndGlobalSection
	GlobalSection(ExtensibilityGlobals) = postSolution
		SolutionGuid = {EF03EA52-12EA-4703-9834-ACB76E14F5E2}
	EndGlobalSection
EndGlobal
